
Microsoft Visual Studio Solution File, Format Version 12.00
# Visual Studio 15
VisualStudioVersion = 15.0.27130.2003
MinimumVisualStudioVersion = 10.0.40219.1
Project("{8BC9CEB8-8B4A-11D0-8D11-00A0C91BC942}") = "ewfs_generator", "ewfs_generator\ewfs_generator.vcxproj", "{BD33CF71-0412-4EBB-97E3-A87102D0BB15}"
EndProject
Global
	GlobalSection(SolutionConfigurationPlatforms) = preSolution
		Debug|x64 = Debug|x64
		Debug|x86 = Debug|x86
		Release|x64 = Release|x64
		Release|x86 = Release|x86
	EndGlobalSection
	GlobalSection(ProjectConfigurationPlatforms) = postSolution
		{BD33CF71-0412-4EBB-97E3-A87102D0BB15}.Debug|x64.ActiveCfg = Debug|x64
		{BD33CF71-0412-4EBB-97E3-A87102D0BB15}.Debug|x64.Build.0 = Debug|x64
		{BD33CF71-0412-4EBB-97E3-A87102D0BB15}.Debug|x86.ActiveCfg = Debug|Win32
		{BD33CF71-0412-4EBB-97E3-A87102D0BB15}.Debug|x86.Build.0 = Debug|Win32
		{BD33CF71-0412-4EBB-97E3-A87102D0BB15}.Release|x64.ActiveCfg = Release|x64
		{BD33CF71-0412-4EBB-97E3-A87102D0BB15}.Release|x64.Build.0 = Release|x64
		{BD33CF71-0412-4EBB-97E3-A87102D0BB15}.Release|x86.ActiveCfg = Release|Win32
		{BD33CF71-0412-4EBB-97E3-A87102D0BB15}.Release|x86.Build.0 = Release|Win32
	EndGlobalSection
	GlobalSection(SolutionProperties) = preSolution
		HideSolutionNode = FALSE
	EndGlobalSection
	GlobalSection(ExtensibilityGlobals) = postSolution
		SolutionGuid = {F6E23A48-E783-4F80-9610-CE6F5CE99BDB}
	EndGlobalSection
EndGlobal
